
Microsoft Visual Studio Solution File, Format Version 12.00
# Visual Studio 15
VisualStudioVersion = 15.0.28307.1401
MinimumVisualStudioVersion = 10.0.40219.1
Project("{FAE04EC0-301F-11D3-BF4B-00C04F79EFBC}") = "PROCCITAS", "PROCCITAS\PROCCITAS.csproj", "{9409B557-F642-49FB-818C-5B0F50CFA57B}"
EndProject
Global
	GlobalSection(SolutionConfigurationPlatforms) = preSolution
		Debug|Any CPU = Debug|Any CPU
		Release|Any CPU = Release|Any CPU
	EndGlobalSection
	GlobalSection(ProjectConfigurationPlatforms) = postSolution
		{9409B557-F642-49FB-818C-5B0F50CFA57B}.Debug|Any CPU.ActiveCfg = Debug|Any CPU
		{9409B557-F642-49FB-818C-5B0F50CFA57B}.Debug|Any CPU.Build.0 = Debug|Any CPU
		{9409B557-F642-49FB-818C-5B0F50CFA57B}.Release|Any CPU.ActiveCfg = Release|Any CPU
		{9409B557-F642-49FB-818C-5B0F50CFA57B}.Release|Any CPU.Build.0 = Release|Any CPU
	EndGlobalSection
	GlobalSection(SolutionProperties) = preSolution
		HideSolutionNode = FALSE
	EndGlobalSection
	GlobalSection(ExtensibilityGlobals) = postSolution
		SolutionGuid = {6482AE1A-8873-48F4-B41D-11EA784D64A3}
	EndGlobalSection
EndGlobal
